
Microsoft Visual Studio Solution File, Format Version 12.00
# Visual Studio Express 2012 for Windows Desktop
Project("{8BC9CEB8-8B4A-11D0-8D11-00A0C91BC942}") = "11799 - Horror Dash", "..\11799 - Horror Dash\11799 - Horror Dash.vcxproj", "{759F4737-CBB5-4411-A964-1C28F7270159}"
EndProject
Project("{8BC9CEB8-8B4A-11D0-8D11-00A0C91BC942}") = "11559 - Event Planning", "..\11559 - Event Planning\11559 - Event Planning.vcxproj", "{61EF7560-83A5-4EC8-B9BC-520C2EC7ED50}"
EndProject
Project("{8BC9CEB8-8B4A-11D0-8D11-00A0C91BC942}") = "10226 -- Hardwood", "..\10226 -- Hardwood\10226 -- Hardwood.vcxproj", "{40385D17-B45A-4F0B-AC93-A56011E1F69F}"
EndProject
Project("{8BC9CEB8-8B4A-11D0-8D11-00A0C91BC942}") = "10720 - Graph Construction", "..\10720 - Graph Construction\10720 - Graph Construction.vcxproj", "{6CF392C2-2F72-43E2-A1BE-F0A46E085569}"
EndProject
Project("{8BC9CEB8-8B4A-11D0-8D11-00A0C91BC942}") = "481 - What Goes Up", "..\481 - What Goes Up\481 - What Goes Up.vcxproj", "{7806F125-2888-45B3-A8A6-3BD03BE143E4}"
EndProject
Project("{8BC9CEB8-8B4A-11D0-8D11-00A0C91BC942}") = "11456 - Trainsorting", "..\11456 - Trainsorting\11456 - Trainsorting.vcxproj", "{B8B555CB-3B9F-4DCD-9FCA-F883A96824A2}"
EndProject
Project("{8BC9CEB8-8B4A-11D0-8D11-00A0C91BC942}") = "11790 - Murcia Skyline", "..\11790 - Murcia Skyline\11790 - Murcia Skyline.vcxproj", "{7C0401FD-F114-4581-89AB-636EC5577140}"
EndProject
Global
	GlobalSection(SolutionConfigurationPlatforms) = preSolution
		Debug|Win32 = Debug|Win32
		Release|Win32 = Release|Win32
	EndGlobalSection
	GlobalSection(ProjectConfigurationPlatforms) = postSolution
		{759F4737-CBB5-4411-A964-1C28F7270159}.Debug|Win32.ActiveCfg = Debug|Win32
		{759F4737-CBB5-4411-A964-1C28F7270159}.Debug|Win32.Build.0 = Debug|Win32
		{759F4737-CBB5-4411-A964-1C28F7270159}.Release|Win32.ActiveCfg = Release|Win32
		{759F4737-CBB5-4411-A964-1C28F7270159}.Release|Win32.Build.0 = Release|Win32
		{61EF7560-83A5-4EC8-B9BC-520C2EC7ED50}.Debug|Win32.ActiveCfg = Debug|Win32
		{61EF7560-83A5-4EC8-B9BC-520C2EC7ED50}.Debug|Win32.Build.0 = Debug|Win32
		{61EF7560-83A5-4EC8-B9BC-520C2EC7ED50}.Release|Win32.ActiveCfg = Release|Win32
		{61EF7560-83A5-4EC8-B9BC-520C2EC7ED50}.Release|Win32.Build.0 = Release|Win32
		{40385D17-B45A-4F0B-AC93-A56011E1F69F}.Debug|Win32.ActiveCfg = Debug|Win32
		{40385D17-B45A-4F0B-AC93-A56011E1F69F}.Debug|Win32.Build.0 = Debug|Win32
		{40385D17-B45A-4F0B-AC93-A56011E1F69F}.Release|Win32.ActiveCfg = Release|Win32
		{40385D17-B45A-4F0B-AC93-A56011E1F69F}.Release|Win32.Build.0 = Release|Win32
		{6CF392C2-2F72-43E2-A1BE-F0A46E085569}.Debug|Win32.ActiveCfg = Debug|Win32
		{6CF392C2-2F72-43E2-A1BE-F0A46E085569}.Debug|Win32.Build.0 = Debug|Win32
		{6CF392C2-2F72-43E2-A1BE-F0A46E085569}.Release|Win32.ActiveCfg = Release|Win32
		{6CF392C2-2F72-43E2-A1BE-F0A46E085569}.Release|Win32.Build.0 = Release|Win32
		{7806F125-2888-45B3-A8A6-3BD03BE143E4}.Debug|Win32.ActiveCfg = Debug|Win32
		{7806F125-2888-45B3-A8A6-3BD03BE143E4}.Debug|Win32.Build.0 = Debug|Win32
		{7806F125-2888-45B3-A8A6-3BD03BE143E4}.Release|Win32.ActiveCfg = Release|Win32
		{7806F125-2888-45B3-A8A6-3BD03BE143E4}.Release|Win32.Build.0 = Release|Win32
		{B8B555CB-3B9F-4DCD-9FCA-F883A96824A2}.Debug|Win32.ActiveCfg = Debug|Win32
		{B8B555CB-3B9F-4DCD-9FCA-F883A96824A2}.Debug|Win32.Build.0 = Debug|Win32
		{B8B555CB-3B9F-4DCD-9FCA-F883A96824A2}.Release|Win32.ActiveCfg = Release|Win32
		{B8B555CB-3B9F-4DCD-9FCA-F883A96824A2}.Release|Win32.Build.0 = Release|Win32
		{7C0401FD-F114-4581-89AB-636EC5577140}.Debug|Win32.ActiveCfg = Debug|Win32
		{7C0401FD-F114-4581-89AB-636EC5577140}.Debug|Win32.Build.0 = Debug|Win32
		{7C0401FD-F114-4581-89AB-636EC5577140}.Release|Win32.ActiveCfg = Release|Win32
		{7C0401FD-F114-4581-89AB-636EC5577140}.Release|Win32.Build.0 = Release|Win32
	EndGlobalSection
	GlobalSection(SolutionProperties) = preSolution
		HideSolutionNode = FALSE
	EndGlobalSection
EndGlobal
