
Microsoft Visual Studio Solution File, Format Version 12.00
# Visual Studio Express 2012 for Windows Desktop
Project("{8BC9CEB8-8B4A-11D0-8D11-00A0C91BC942}") = "11799 - Horror Dash", "..\11799 - Horror Dash\11799 - Horror Dash.vcxproj", "{759F4737-CBB5-4411-A964-1C28F7270159}"
EndProject
Project("{8BC9CEB8-8B4A-11D0-8D11-00A0C91BC942}") = "11559 - Event Planning", "..\11559 - Event Planning\11559 - Event Planning.vcxproj", "{61EF7560-83A5-4EC8-B9BC-520C2EC7ED50}"
EndProject
Project("{8BC9CEB8-8B4A-11D0-8D11-00A0C91BC942}") = "10226 -- Hardwood", "..\10226 -- Hardwood\10226 -- Hardwood.vcxproj", "{40385D17-B45A-4F0B-AC93-A56011E1F69F}"
EndProject
Project("{8BC9CEB8-8B4A-11D0-8D11-00A0C91BC942}") = "10720 - Graph Construction", "..\10720 - Graph Construction\10720 - Graph Construction.vcxproj", "{6CF392C2-2F72-43E2-A1BE-F0A46E085569}"
EndProject
Project("{8BC9CEB8-8B4A-11D0-8D11-00A0C91BC942}") = "481 - What Goes Up", "..\481 - What Goes Up\481 - What Goes Up.vcxproj", "{7806F125-2888-45B3-A8A6-3BD03BE143E4}"
EndProject
Project("{8BC9CEB8-8B4A-11D0-8D11-00A0C91BC942}") = "11456 - Trainsorting", "..\11456 - Trainsorting\11456 - Trainsorting.vcxproj", "{B8B555CB-3B9F-4DCD-9FCA-F883A96824A2}"
EndProject
Project("{8BC9CEB8-8B4A-11D0-8D11-00A0C91BC942}") = "11790 - Murcia Skyline", "..\11790 - Murcia Skyline\11790 - Murcia Skyline.vcxproj", "{7C0401FD-F114-4581-89AB-636EC5577140}"
EndProject
Project("{8BC9CEB8-8B4A-11D0-8D11-00A0C91BC942}") = "11450 - Wedding shopping", "..\11450 - Wedding shopping\11450 - Wedding shopping.vcxproj", "{B5B7AF88-E32D-40F6-9407-559D2B02E29C}"
EndProject
Project("{8BC9CEB8-8B4A-11D0-8D11-00A0C91BC942}") = "108 - Maximum Sum", "..\108 - Maximum Sum\108 - Maximum Sum.vcxproj", "{1146AF7C-F9A4-4DFF-827B-D6954EFEDB2B}"
EndProject
Project("{8BC9CEB8-8B4A-11D0-8D11-00A0C91BC942}") = "11402 Ahoy Pirates", "..\11402 Ahoy Pirates\11402 Ahoy Pirates.vcxproj", "{E0F72755-8F71-46EA-84D4-58327566BE32}"
EndProject
Project("{8BC9CEB8-8B4A-11D0-8D11-00A0C91BC942}") = "920 - Sunny Mountains", "..\920 - Sunny Mountains\920 - Sunny Mountains.vcxproj", "{F6B7DB27-EF2A-4F1F-B6FD-755494C88F9A}"
EndProject
Project("{8BC9CEB8-8B4A-11D0-8D11-00A0C91BC942}") = "184 - Laser Lines", "..\184 - Laser Lines\184 - Laser Lines.vcxproj", "{4B3AB34B-C332-469A-A9BA-3CC259D89327}"
EndProject
Project("{8BC9CEB8-8B4A-11D0-8D11-00A0C91BC942}") = "191 - Intersection", "..\191 - Intersection\191 - Intersection.vcxproj", "{0B61EFFF-6922-4F65-AF8D-C660E16655A5}"
EndProject
Project("{8BC9CEB8-8B4A-11D0-8D11-00A0C91BC942}") = "270 - Lining Up", "..\270 - Lining Up\270 - Lining Up.vcxproj", "{2088A3A4-C53B-468F-BB4F-17D8A1D8B088}"
EndProject
Project("{8BC9CEB8-8B4A-11D0-8D11-00A0C91BC942}") = "378 - Intersecting Lines", "..\378 - Intersecting Lines\378 - Intersecting Lines.vcxproj", "{4730B342-3566-407A-8954-278C0EAC849C}"
EndProject
Project("{8BC9CEB8-8B4A-11D0-8D11-00A0C91BC942}") = "587 - Theres treasure everywhere", "..\587 - Theres treasure everywhere\587 - Theres treasure everywhere.vcxproj", "{B831F4BA-F97F-46F1-B812-93BCEFCE1A1F}"
EndProject
Project("{8BC9CEB8-8B4A-11D0-8D11-00A0C91BC942}") = "833 - Water Falls", "..\833 - Water Falls\833 - Water Falls.vcxproj", "{1473B4E2-1B3F-4040-BD2C-4D9D90C76325}"
EndProject
Project("{8BC9CEB8-8B4A-11D0-8D11-00A0C91BC942}") = "1249 - Euclid", "..\1249 - Euclid\1249 - Euclid.vcxproj", "{F2E9D520-5307-49F9-9B55-BDCDBBA2E035}"
EndProject
Global
	GlobalSection(SolutionConfigurationPlatforms) = preSolution
		Debug|Win32 = Debug|Win32
		Release|Win32 = Release|Win32
	EndGlobalSection
	GlobalSection(ProjectConfigurationPlatforms) = postSolution
		{759F4737-CBB5-4411-A964-1C28F7270159}.Debug|Win32.ActiveCfg = Debug|Win32
		{759F4737-CBB5-4411-A964-1C28F7270159}.Debug|Win32.Build.0 = Debug|Win32
		{759F4737-CBB5-4411-A964-1C28F7270159}.Release|Win32.ActiveCfg = Release|Win32
		{759F4737-CBB5-4411-A964-1C28F7270159}.Release|Win32.Build.0 = Release|Win32
		{61EF7560-83A5-4EC8-B9BC-520C2EC7ED50}.Debug|Win32.ActiveCfg = Debug|Win32
		{61EF7560-83A5-4EC8-B9BC-520C2EC7ED50}.Debug|Win32.Build.0 = Debug|Win32
		{61EF7560-83A5-4EC8-B9BC-520C2EC7ED50}.Release|Win32.ActiveCfg = Release|Win32
		{61EF7560-83A5-4EC8-B9BC-520C2EC7ED50}.Release|Win32.Build.0 = Release|Win32
		{40385D17-B45A-4F0B-AC93-A56011E1F69F}.Debug|Win32.ActiveCfg = Debug|Win32
		{40385D17-B45A-4F0B-AC93-A56011E1F69F}.Debug|Win32.Build.0 = Debug|Win32
		{40385D17-B45A-4F0B-AC93-A56011E1F69F}.Release|Win32.ActiveCfg = Release|Win32
		{40385D17-B45A-4F0B-AC93-A56011E1F69F}.Release|Win32.Build.0 = Release|Win32
		{6CF392C2-2F72-43E2-A1BE-F0A46E085569}.Debug|Win32.ActiveCfg = Debug|Win32
		{6CF392C2-2F72-43E2-A1BE-F0A46E085569}.Debug|Win32.Build.0 = Debug|Win32
		{6CF392C2-2F72-43E2-A1BE-F0A46E085569}.Release|Win32.ActiveCfg = Release|Win32
		{6CF392C2-2F72-43E2-A1BE-F0A46E085569}.Release|Win32.Build.0 = Release|Win32
		{7806F125-2888-45B3-A8A6-3BD03BE143E4}.Debug|Win32.ActiveCfg = Debug|Win32
		{7806F125-2888-45B3-A8A6-3BD03BE143E4}.Debug|Win32.Build.0 = Debug|Win32
		{7806F125-2888-45B3-A8A6-3BD03BE143E4}.Release|Win32.ActiveCfg = Release|Win32
		{7806F125-2888-45B3-A8A6-3BD03BE143E4}.Release|Win32.Build.0 = Release|Win32
		{B8B555CB-3B9F-4DCD-9FCA-F883A96824A2}.Debug|Win32.ActiveCfg = Debug|Win32
		{B8B555CB-3B9F-4DCD-9FCA-F883A96824A2}.Debug|Win32.Build.0 = Debug|Win32
		{B8B555CB-3B9F-4DCD-9FCA-F883A96824A2}.Release|Win32.ActiveCfg = Release|Win32
		{B8B555CB-3B9F-4DCD-9FCA-F883A96824A2}.Release|Win32.Build.0 = Release|Win32
		{7C0401FD-F114-4581-89AB-636EC5577140}.Debug|Win32.ActiveCfg = Debug|Win32
		{7C0401FD-F114-4581-89AB-636EC5577140}.Debug|Win32.Build.0 = Debug|Win32
		{7C0401FD-F114-4581-89AB-636EC5577140}.Release|Win32.ActiveCfg = Release|Win32
		{7C0401FD-F114-4581-89AB-636EC5577140}.Release|Win32.Build.0 = Release|Win32
		{B5B7AF88-E32D-40F6-9407-559D2B02E29C}.Debug|Win32.ActiveCfg = Debug|Win32
		{B5B7AF88-E32D-40F6-9407-559D2B02E29C}.Debug|Win32.Build.0 = Debug|Win32
		{B5B7AF88-E32D-40F6-9407-559D2B02E29C}.Release|Win32.ActiveCfg = Release|Win32
		{B5B7AF88-E32D-40F6-9407-559D2B02E29C}.Release|Win32.Build.0 = Release|Win32
		{1146AF7C-F9A4-4DFF-827B-D6954EFEDB2B}.Debug|Win32.ActiveCfg = Debug|Win32
		{1146AF7C-F9A4-4DFF-827B-D6954EFEDB2B}.Debug|Win32.Build.0 = Debug|Win32
		{1146AF7C-F9A4-4DFF-827B-D6954EFEDB2B}.Release|Win32.ActiveCfg = Release|Win32
		{1146AF7C-F9A4-4DFF-827B-D6954EFEDB2B}.Release|Win32.Build.0 = Release|Win32
		{E0F72755-8F71-46EA-84D4-58327566BE32}.Debug|Win32.ActiveCfg = Debug|Win32
		{E0F72755-8F71-46EA-84D4-58327566BE32}.Debug|Win32.Build.0 = Debug|Win32
		{E0F72755-8F71-46EA-84D4-58327566BE32}.Release|Win32.ActiveCfg = Release|Win32
		{E0F72755-8F71-46EA-84D4-58327566BE32}.Release|Win32.Build.0 = Release|Win32
		{F6B7DB27-EF2A-4F1F-B6FD-755494C88F9A}.Debug|Win32.ActiveCfg = Debug|Win32
		{F6B7DB27-EF2A-4F1F-B6FD-755494C88F9A}.Debug|Win32.Build.0 = Debug|Win32
		{F6B7DB27-EF2A-4F1F-B6FD-755494C88F9A}.Release|Win32.ActiveCfg = Release|Win32
		{F6B7DB27-EF2A-4F1F-B6FD-755494C88F9A}.Release|Win32.Build.0 = Release|Win32
		{4B3AB34B-C332-469A-A9BA-3CC259D89327}.Debug|Win32.ActiveCfg = Debug|Win32
		{4B3AB34B-C332-469A-A9BA-3CC259D89327}.Debug|Win32.Build.0 = Debug|Win32
		{4B3AB34B-C332-469A-A9BA-3CC259D89327}.Release|Win32.ActiveCfg = Release|Win32
		{4B3AB34B-C332-469A-A9BA-3CC259D89327}.Release|Win32.Build.0 = Release|Win32
		{0B61EFFF-6922-4F65-AF8D-C660E16655A5}.Debug|Win32.ActiveCfg = Debug|Win32
		{0B61EFFF-6922-4F65-AF8D-C660E16655A5}.Debug|Win32.Build.0 = Debug|Win32
		{0B61EFFF-6922-4F65-AF8D-C660E16655A5}.Release|Win32.ActiveCfg = Release|Win32
		{0B61EFFF-6922-4F65-AF8D-C660E16655A5}.Release|Win32.Build.0 = Release|Win32
		{2088A3A4-C53B-468F-BB4F-17D8A1D8B088}.Debug|Win32.ActiveCfg = Debug|Win32
		{2088A3A4-C53B-468F-BB4F-17D8A1D8B088}.Debug|Win32.Build.0 = Debug|Win32
		{2088A3A4-C53B-468F-BB4F-17D8A1D8B088}.Release|Win32.ActiveCfg = Release|Win32
		{2088A3A4-C53B-468F-BB4F-17D8A1D8B088}.Release|Win32.Build.0 = Release|Win32
		{4730B342-3566-407A-8954-278C0EAC849C}.Debug|Win32.ActiveCfg = Debug|Win32
		{4730B342-3566-407A-8954-278C0EAC849C}.Debug|Win32.Build.0 = Debug|Win32
		{4730B342-3566-407A-8954-278C0EAC849C}.Release|Win32.ActiveCfg = Release|Win32
		{4730B342-3566-407A-8954-278C0EAC849C}.Release|Win32.Build.0 = Release|Win32
		{B831F4BA-F97F-46F1-B812-93BCEFCE1A1F}.Debug|Win32.ActiveCfg = Debug|Win32
		{B831F4BA-F97F-46F1-B812-93BCEFCE1A1F}.Debug|Win32.Build.0 = Debug|Win32
		{B831F4BA-F97F-46F1-B812-93BCEFCE1A1F}.Release|Win32.ActiveCfg = Release|Win32
		{B831F4BA-F97F-46F1-B812-93BCEFCE1A1F}.Release|Win32.Build.0 = Release|Win32
		{1473B4E2-1B3F-4040-BD2C-4D9D90C76325}.Debug|Win32.ActiveCfg = Debug|Win32
		{1473B4E2-1B3F-4040-BD2C-4D9D90C76325}.Debug|Win32.Build.0 = Debug|Win32
		{1473B4E2-1B3F-4040-BD2C-4D9D90C76325}.Release|Win32.ActiveCfg = Release|Win32
		{1473B4E2-1B3F-4040-BD2C-4D9D90C76325}.Release|Win32.Build.0 = Release|Win32
		{F2E9D520-5307-49F9-9B55-BDCDBBA2E035}.Debug|Win32.ActiveCfg = Debug|Win32
		{F2E9D520-5307-49F9-9B55-BDCDBBA2E035}.Debug|Win32.Build.0 = Debug|Win32
		{F2E9D520-5307-49F9-9B55-BDCDBBA2E035}.Release|Win32.ActiveCfg = Release|Win32
		{F2E9D520-5307-49F9-9B55-BDCDBBA2E035}.Release|Win32.Build.0 = Release|Win32
	EndGlobalSection
	GlobalSection(SolutionProperties) = preSolution
		HideSolutionNode = FALSE
	EndGlobalSection
EndGlobal
